
Microsoft Visual Studio Solution File, Format Version 12.00
# Visual Studio 15
VisualStudioVersion = 15.0.28010.2050
MinimumVisualStudioVersion = 10.0.40219.1
Project("{FAE04EC0-301F-11D3-BF4B-00C04F79EFBC}") = "01_CreateStartTasks", "01_CreateStartTasks\01_CreateStartTasks.csproj", "{31B8AE8B-91B4-4241-913C-AFA4FACCAAB9}"
EndProject
Project("{FAE04EC0-301F-11D3-BF4B-00C04F79EFBC}") = "02_CancelTask", "02_CancelTask\02_CancelTask.csproj", "{D2E8B43A-AA8E-4F41-89BF-31385D749DF6}"
EndProject
Global
	GlobalSection(SolutionConfigurationPlatforms) = preSolution
		Debug|Any CPU = Debug|Any CPU
		Release|Any CPU = Release|Any CPU
	EndGlobalSection
	GlobalSection(ProjectConfigurationPlatforms) = postSolution
		{31B8AE8B-91B4-4241-913C-AFA4FACCAAB9}.Debug|Any CPU.ActiveCfg = Debug|Any CPU
		{31B8AE8B-91B4-4241-913C-AFA4FACCAAB9}.Debug|Any CPU.Build.0 = Debug|Any CPU
		{31B8AE8B-91B4-4241-913C-AFA4FACCAAB9}.Release|Any CPU.ActiveCfg = Release|Any CPU
		{31B8AE8B-91B4-4241-913C-AFA4FACCAAB9}.Release|Any CPU.Build.0 = Release|Any CPU
		{D2E8B43A-AA8E-4F41-89BF-31385D749DF6}.Debug|Any CPU.ActiveCfg = Debug|Any CPU
		{D2E8B43A-AA8E-4F41-89BF-31385D749DF6}.Debug|Any CPU.Build.0 = Debug|Any CPU
		{D2E8B43A-AA8E-4F41-89BF-31385D749DF6}.Release|Any CPU.ActiveCfg = Release|Any CPU
		{D2E8B43A-AA8E-4F41-89BF-31385D749DF6}.Release|Any CPU.Build.0 = Release|Any CPU
	EndGlobalSection
	GlobalSection(SolutionProperties) = preSolution
		HideSolutionNode = FALSE
	EndGlobalSection
	GlobalSection(ExtensibilityGlobals) = postSolution
		SolutionGuid = {96C1ED07-9407-4BD8-BCF6-C87CC0EA0F8B}
	EndGlobalSection
EndGlobal
